
Microsoft Visual Studio Solution File, Format Version 12.00
# Visual Studio 15
VisualStudioVersion = 15.0.26403.3
MinimumVisualStudioVersion = 10.0.40219.1
Project("{2150E333-8FDC-42A3-9474-1A3956D46DE8}") = "src", "src", "{96C3233F-D4FF-48A0-B9B9-9D32BF3D0588}"
EndProject
Project("{2150E333-8FDC-42A3-9474-1A3956D46DE8}") = "Solution Items", "Solution Items", "{2E45D3B0-536E-4D17-9F21-8BDDE48A552B}"
	ProjectSection(SolutionItems) = preProject
		.gitattributes = .gitattributes
		.gitignore = .gitignore
		appveyor.yml = appveyor.yml
		README.md = README.md
		tag-repository.ps1 = tag-repository.ps1
	EndProjectSection
EndProject
Project("{9A19103F-16F7-4668-BE54-9A1E7A4F7556}") = "AppVeyorDashboard", "src\AppVeyorDashboard\AppVeyorDashboard.csproj", "{05F48B36-E302-4E91-9E70-8B2072E5D434}"
EndProject
Global
	GlobalSection(SolutionConfigurationPlatforms) = preSolution
		Debug|Any CPU = Debug|Any CPU
		Release|Any CPU = Release|Any CPU
	EndGlobalSection
	GlobalSection(ProjectConfigurationPlatforms) = postSolution
		{05F48B36-E302-4E91-9E70-8B2072E5D434}.Debug|Any CPU.ActiveCfg = Debug|Any CPU
		{05F48B36-E302-4E91-9E70-8B2072E5D434}.Debug|Any CPU.Build.0 = Debug|Any CPU
		{05F48B36-E302-4E91-9E70-8B2072E5D434}.Release|Any CPU.ActiveCfg = Release|Any CPU
		{05F48B36-E302-4E91-9E70-8B2072E5D434}.Release|Any CPU.Build.0 = Release|Any CPU
	EndGlobalSection
	GlobalSection(SolutionProperties) = preSolution
		HideSolutionNode = FALSE
	EndGlobalSection
	GlobalSection(NestedProjects) = preSolution
		{05F48B36-E302-4E91-9E70-8B2072E5D434} = {96C3233F-D4FF-48A0-B9B9-9D32BF3D0588}
	EndGlobalSection
EndGlobal
